// !$*UTF8*$!
{
	archiveVersion = 1;
	classes = {
	};
	objectVersion = 46;
	objects = {

/* Begin PBXBuildFile section */
		5C9E69061B7D911A00524520 /* FMDatabase.m in Sources */ = {isa = PBXBuildFile; fileRef = 5C9E68FC1B7D911A00524520 /* FMDatabase.m */; };
		5C9E69071B7D911A00524520 /* FMDatabaseAdditions.m in Sources */ = {isa = PBXBuildFile; fileRef = 5C9E68FE1B7D911A00524520 /* FMDatabaseAdditions.m */; };
		5C9E69081B7D911A00524520 /* FMDatabasePool.m in Sources */ = {isa = PBXBuildFile; fileRef = 5C9E69001B7D911A00524520 /* FMDatabasePool.m */; };
		5C9E69091B7D911A00524520 /* FMDatabaseQueue.m in Sources */ = {isa = PBXBuildFile; fileRef = 5C9E69021B7D911A00524520 /* FMDatabaseQueue.m */; };
		5C9E690A1B7D911A00524520 /* FMResultSet.m in Sources */ = {isa = PBXBuildFile; fileRef = 5C9E69051B7D911A00524520 /* FMResultSet.m */; };
		5C9E690C1B7D916900524520 /* libsqlite3.dylib in Frameworks */ = {isa = PBXBuildFile; fileRef = 5C9E690B1B7D916900524520 /* libsqlite3.dylib */; };
		5C9E69201B7D92FC00524520 /* button_back.png in Resources */ = {isa = PBXBuildFile; fileRef = 5C9E690E1B7D92FC00524520 /* button_back.png */; };
		5C9E69211B7D92FC00524520 /* button_normal.png in Resources */ = {isa = PBXBuildFile; fileRef = 5C9E690F1B7D92FC00524520 /* button_normal.png */; };
		5C9E69221B7D92FC00524520 /* cell_bottom.png in Resources */ = {isa = PBXBuildFile; fileRef = 5C9E69101B7D92FC00524520 /* cell_bottom.png */; };
		5C9E69231B7D92FC00524520 /* cell_bottom@2x.png in Resources */ = {isa = PBXBuildFile; fileRef = 5C9E69111B7D92FC00524520 /* cell_bottom@2x.png */; };
		5C9E69241B7D92FC00524520 /* cell_middle.png in Resources */ = {isa = PBXBuildFile; fileRef = 5C9E69121B7D92FC00524520 /* cell_middle.png */; };
		5C9E69251B7D92FC00524520 /* cell_middle@2x.png in Resources */ = {isa = PBXBuildFile; fileRef = 5C9E69131B7D92FC00524520 /* cell_middle@2x.png */; };
		5C9E69261B7D92FC00524520 /* cell_top.png in Resources */ = {isa = PBXBuildFile; fileRef = 5C9E69141B7D92FC00524520 /* cell_top.png */; };
		5C9E69271B7D92FC00524520 /* cell_top@2x.png in Resources */ = {isa = PBXBuildFile; fileRef = 5C9E69151B7D92FC00524520 /* cell_top@2x.png */; };
		5C9E69281B7D92FC00524520 /* cell_top_tile.png in Resources */ = {isa = PBXBuildFile; fileRef = 5C9E69161B7D92FC00524520 /* cell_top_tile.png */; };
		5C9E69291B7D92FC00524520 /* common_bg.png in Resources */ = {isa = PBXBuildFile; fileRef = 5C9E69171B7D92FC00524520 /* common_bg.png */; };
		5C9E692A1B7D92FC00524520 /* common_bg@2x.png in Resources */ = {isa = PBXBuildFile; fileRef = 5C9E69181B7D92FC00524520 /* common_bg@2x.png */; };
		5C9E692B1B7D92FC00524520 /* egg_benedict.jpg in Resources */ = {isa = PBXBuildFile; fileRef = 5C9E69191B7D92FC00524520 /* egg_benedict.jpg */; };
		5C9E692C1B7D92FC00524520 /* full_breakfast.jpg in Resources */ = {isa = PBXBuildFile; fileRef = 5C9E691A1B7D92FC00524520 /* full_breakfast.jpg */; };
		5C9E692D1B7D92FC00524520 /* ham_and_egg_sandwich.jpg in Resources */ = {isa = PBXBuildFile; fileRef = 5C9E691B1B7D92FC00524520 /* ham_and_egg_sandwich.jpg */; };
		5C9E692E1B7D92FC00524520 /* hamburger.jpg in Resources */ = {isa = PBXBuildFile; fileRef = 5C9E691C1B7D92FC00524520 /* hamburger.jpg */; };
		5C9E692F1B7D92FC00524520 /* mushroom_risotto.jpg in Resources */ = {isa = PBXBuildFile; fileRef = 5C9E691D1B7D92FC00524520 /* mushroom_risotto.jpg */; };
		5C9E69301B7D92FC00524520 /* navbar_bg.png in Resources */ = {isa = PBXBuildFile; fileRef = 5C9E691E1B7D92FC00524520 /* navbar_bg.png */; };
		5C9E69311B7D92FC00524520 /* navbar_bg@2x.png in Resources */ = {isa = PBXBuildFile; fileRef = 5C9E691F1B7D92FC00524520 /* navbar_bg@2x.png */; };
		5CB41D2A1B7D8A5400B196FA /* main.m in Sources */ = {isa = PBXBuildFile; fileRef = 5CB41D291B7D8A5400B196FA /* main.m */; };
		5CB41D2D1B7D8A5400B196FA /* AppDelegate.m in Sources */ = {isa = PBXBuildFile; fileRef = 5CB41D2C1B7D8A5400B196FA /* AppDelegate.m */; };
		5CB41D301B7D8A5400B196FA /* ViewController.m in Sources */ = {isa = PBXBuildFile; fileRef = 5CB41D2F1B7D8A5400B196FA /* ViewController.m */; };
		5CB41D331B7D8A5400B196FA /* Main.storyboard in Resources */ = {isa = PBXBuildFile; fileRef = 5CB41D311B7D8A5400B196FA /* Main.storyboard */; };
		5CB41D351B7D8A5400B196FA /* Images.xcassets in Resources */ = {isa = PBXBuildFile; fileRef = 5CB41D341B7D8A5400B196FA /* Images.xcassets */; };
		5CB41D381B7D8A5400B196FA /* LaunchScreen.xib in Resources */ = {isa = PBXBuildFile; fileRef = 5CB41D361B7D8A5400B196FA /* LaunchScreen.xib */; };
		5CB41D441B7D8A5400B196FA /* ZZDataBaseTests.m in Sources */ = {isa = PBXBuildFile; fileRef = 5CB41D431B7D8A5400B196FA /* ZZDataBaseTests.m */; };
/* End PBXBuildFile section */

/* Begin PBXContainerItemProxy section */
		5CB41D3E1B7D8A5400B196FA /* PBXContainerItemProxy */ = {
			isa = PBXContainerItemProxy;
			containerPortal = 5CB41D1C1B7D8A5400B196FA /* Project object */;
			proxyType = 1;
			remoteGlobalIDString = 5CB41D231B7D8A5400B196FA;
			remoteInfo = ZZDataBase;
		};
/* End PBXContainerItemProxy section */

/* Begin PBXFileReference section */
		5C9E68FB1B7D911A00524520 /* FMDatabase.h */ = {isa = PBXFileReference; fileEncoding = 4; lastKnownFileType = sourcecode.c.h; path = FMDatabase.h; sourceTree = "<group>"; };
		5C9E68FC1B7D911A00524520 /* FMDatabase.m */ = {isa = PBXFileReference; fileEncoding = 4; lastKnownFileType = sourcecode.c.objc; path = FMDatabase.m; sourceTree = "<group>"; };
		5C9E68FD1B7D911A00524520 /* FMDatabaseAdditions.h */ = {isa = PBXFileReference; fileEncoding = 4; lastKnownFileType = sourcecode.c.h; path = FMDatabaseAdditions.h; sourceTree = "<group>"; };
		5C9E68FE1B7D911A00524520 /* FMDatabaseAdditions.m */ = {isa = PBXFileReference; fileEncoding = 4; lastKnownFileType = sourcecode.c.objc; path = FMDatabaseAdditions.m; sourceTree = "<group>"; };
		5C9E68FF1B7D911A00524520 /* FMDatabasePool.h */ = {isa = PBXFileReference; fileEncoding = 4; lastKnownFileType = sourcecode.c.h; path = FMDatabasePool.h; sourceTree = "<group>"; };
		5C9E69001B7D911A00524520 /* FMDatabasePool.m */ = {isa = PBXFileReference; fileEncoding = 4; lastKnownFileType = sourcecode.c.objc; path = FMDatabasePool.m; sourceTree = "<group>"; };
		5C9E69011B7D911A00524520 /* FMDatabaseQueue.h */ = {isa = PBXFileReference; fileEncoding = 4; lastKnownFileType = sourcecode.c.h; path = FMDatabaseQueue.h; sourceTree = "<group>"; };
		5C9E69021B7D911A00524520 /* FMDatabaseQueue.m */ = {isa = PBXFileReference; fileEncoding = 4; lastKnownFileType = sourcecode.c.objc; path = FMDatabaseQueue.m; sourceTree = "<group>"; };
		5C9E69031B7D911A00524520 /* FMDB.h */ = {isa = PBXFileReference; fileEncoding = 4; lastKnownFileType = sourcecode.c.h; path = FMDB.h; sourceTree = "<group>"; };
		5C9E69041B7D911A00524520 /* FMResultSet.h */ = {isa = PBXFileReference; fileEncoding = 4; lastKnownFileType = sourcecode.c.h; path = FMResultSet.h; sourceTree = "<group>"; };
		5C9E69051B7D911A00524520 /* FMResultSet.m */ = {isa = PBXFileReference; fileEncoding = 4; lastKnownFileType = sourcecode.c.objc; path = FMResultSet.m; sourceTree = "<group>"; };
		5C9E690B1B7D916900524520 /* libsqlite3.dylib */ = {isa = PBXFileReference; lastKnownFileType = "compiled.mach-o.dylib"; name = libsqlite3.dylib; path = usr/lib/libsqlite3.dylib; sourceTree = SDKROOT; };
		5C9E690E1B7D92FC00524520 /* button_back.png */ = {isa = PBXFileReference; lastKnownFileType = image.png; path = button_back.png; sourceTree = "<group>"; };
		5C9E690F1B7D92FC00524520 /* button_normal.png */ = {isa = PBXFileReference; lastKnownFileType = image.png; path = button_normal.png; sourceTree = "<group>"; };
		5C9E69101B7D92FC00524520 /* cell_bottom.png */ = {isa = PBXFileReference; lastKnownFileType = image.png; path = cell_bottom.png; sourceTree = "<group>"; };
		5C9E69111B7D92FC00524520 /* cell_bottom@2x.png */ = {isa = PBXFileReference; lastKnownFileType = image.png; path = "cell_bottom@2x.png"; sourceTree = "<group>"; };
		5C9E69121B7D92FC00524520 /* cell_middle.png */ = {isa = PBXFileReference; lastKnownFileType = image.png; path = cell_middle.png; sourceTree = "<group>"; };
		5C9E69131B7D92FC00524520 /* cell_middle@2x.png */ = {isa = PBXFileReference; lastKnownFileType = image.png; path = "cell_middle@2x.png"; sourceTree = "<group>"; };
		5C9E69141B7D92FC00524520 /* cell_top.png */ = {isa = PBXFileReference; lastKnownFileType = image.png; path = cell_top.png; sourceTree = "<group>"; };
		5C9E69151B7D92FC00524520 /* cell_top@2x.png */ = {isa = PBXFileReference; lastKnownFileType = image.png; path = "cell_top@2x.png"; sourceTree = "<group>"; };
		5C9E69161B7D92FC00524520 /* cell_top_tile.png */ = {isa = PBXFileReference; lastKnownFileType = image.png; path = cell_top_tile.png; sourceTree = "<group>"; };
		5C9E69171B7D92FC00524520 /* common_bg.png */ = {isa = PBXFileReference; lastKnownFileType = image.png; path = common_bg.png; sourceTree = "<group>"; };
		5C9E69181B7D92FC00524520 /* common_bg@2x.png */ = {isa = PBXFileReference; lastKnownFileType = image.png; path = "common_bg@2x.png"; sourceTree = "<group>"; };
		5C9E69191B7D92FC00524520 /* egg_benedict.jpg */ = {isa = PBXFileReference; lastKnownFileType = image.jpeg; path = egg_benedict.jpg; sourceTree = "<group>"; };
		5C9E691A1B7D92FC00524520 /* full_breakfast.jpg */ = {isa = PBXFileReference; lastKnownFileType = image.jpeg; path = full_breakfast.jpg; sourceTree = "<group>"; };
		5C9E691B1B7D92FC00524520 /* ham_and_egg_sandwich.jpg */ = {isa = PBXFileReference; lastKnownFileType = image.jpeg; path = ham_and_egg_sandwich.jpg; sourceTree = "<group>"; };
		5C9E691C1B7D92FC00524520 /* hamburger.jpg */ = {isa = PBXFileReference; lastKnownFileType = image.jpeg; path = hamburger.jpg; sourceTree = "<group>"; };
		5C9E691D1B7D92FC00524520 /* mushroom_risotto.jpg */ = {isa = PBXFileReference; lastKnownFileType = image.jpeg; path = mushroom_risotto.jpg; sourceTree = "<group>"; };
		5C9E691E1B7D92FC00524520 /* navbar_bg.png */ = {isa = PBXFileReference; lastKnownFileType = image.png; path = navbar_bg.png; sourceTree = "<group>"; };
		5C9E691F1B7D92FC00524520 /* navbar_bg@2x.png */ = {isa = PBXFileReference; lastKnownFileType = image.png; path = "navbar_bg@2x.png"; sourceTree = "<group>"; };
		5CB41D241B7D8A5400B196FA /* ZZDataBase.app */ = {isa = PBXFileReference; explicitFileType = wrapper.application; includeInIndex = 0; path = ZZDataBase.app; sourceTree = BUILT_PRODUCTS_DIR; };
		5CB41D281B7D8A5400B196FA /* Info.plist */ = {isa = PBXFileReference; lastKnownFileType = text.plist.xml; path = Info.plist; sourceTree = "<group>"; };
		5CB41D291B7D8A5400B196FA /* main.m */ = {isa = PBXFileReference; lastKnownFileType = sourcecode.c.objc; path = main.m; sourceTree = "<group>"; };
		5CB41D2B1B7D8A5400B196FA /* AppDelegate.h */ = {isa = PBXFileReference; lastKnownFileType = sourcecode.c.h; path = AppDelegate.h; sourceTree = "<group>"; };
		5CB41D2C1B7D8A5400B196FA /* AppDelegate.m */ = {isa = PBXFileReference; lastKnownFileType = sourcecode.c.objc; path = AppDelegate.m; sourceTree = "<group>"; };
		5CB41D2E1B7D8A5400B196FA /* ViewController.h */ = {isa = PBXFileReference; lastKnownFileType = sourcecode.c.h; path = ViewController.h; sourceTree = "<group>"; };
		5CB41D2F1B7D8A5400B196FA /* ViewController.m */ = {isa = PBXFileReference; lastKnownFileType = sourcecode.c.objc; path = ViewController.m; sourceTree = "<group>"; };
		5CB41D321B7D8A5400B196FA /* Base */ = {isa = PBXFileReference; lastKnownFileType = file.storyboard; name = Base; path = Base.lproj/Main.storyboard; sourceTree = "<group>"; };
		5CB41D341B7D8A5400B196FA /* Images.xcassets */ = {isa = PBXFileReference; lastKnownFileType = folder.assetcatalog; path = Images.xcassets; sourceTree = "<group>"; };
		5CB41D371B7D8A5400B196FA /* Base */ = {isa = PBXFileReference; lastKnownFileType = file.xib; name = Base; path = Base.lproj/LaunchScreen.xib; sourceTree = "<group>"; };
		5CB41D3D1B7D8A5400B196FA /* ZZDataBaseTests.xctest */ = {isa = PBXFileReference; explicitFileType = wrapper.cfbundle; includeInIndex = 0; path = ZZDataBaseTests.xctest; sourceTree = BUILT_PRODUCTS_DIR; };
		5CB41D421B7D8A5400B196FA /* Info.plist */ = {isa = PBXFileReference; lastKnownFileType = text.plist.xml; path = Info.plist; sourceTree = "<group>"; };
		5CB41D431B7D8A5400B196FA /* ZZDataBaseTests.m */ = {isa = PBXFileReference; lastKnownFileType = sourcecode.c.objc; path = ZZDataBaseTests.m; sourceTree = "<group>"; };
/* End PBXFileReference section */

/* Begin PBXFrameworksBuildPhase section */
		5CB41D211B7D8A5400B196FA /* Frameworks */ = {
			isa = PBXFrameworksBuildPhase;
			buildActionMask = 2147483647;
			files = (
				5C9E690C1B7D916900524520 /* libsqlite3.dylib in Frameworks */,
			);
			runOnlyForDeploymentPostprocessing = 0;
		};
		5CB41D3A1B7D8A5400B196FA /* Frameworks */ = {
			isa = PBXFrameworksBuildPhase;
			buildActionMask = 2147483647;
			files = (
			);
			runOnlyForDeploymentPostprocessing = 0;
		};
/* End PBXFrameworksBuildPhase section */

/* Begin PBXGroup section */
		5C9E68FA1B7D911A00524520 /* fmdb */ = {
			isa = PBXGroup;
			children = (
				5C9E68FB1B7D911A00524520 /* FMDatabase.h */,
				5C9E68FC1B7D911A00524520 /* FMDatabase.m */,
				5C9E68FD1B7D911A00524520 /* FMDatabaseAdditions.h */,
				5C9E68FE1B7D911A00524520 /* FMDatabaseAdditions.m */,
				5C9E68FF1B7D911A00524520 /* FMDatabasePool.h */,
				5C9E69001B7D911A00524520 /* FMDatabasePool.m */,
				5C9E69011B7D911A00524520 /* FMDatabaseQueue.h */,
				5C9E69021B7D911A00524520 /* FMDatabaseQueue.m */,
				5C9E69031B7D911A00524520 /* FMDB.h */,
				5C9E69041B7D911A00524520 /* FMResultSet.h */,
				5C9E69051B7D911A00524520 /* FMResultSet.m */,
			);
			path = fmdb;
			sourceTree = "<group>";
		};
		5C9E690D1B7D92FC00524520 /* images */ = {
			isa = PBXGroup;
			children = (
				5C9E690E1B7D92FC00524520 /* button_back.png */,
				5C9E690F1B7D92FC00524520 /* button_normal.png */,
				5C9E69101B7D92FC00524520 /* cell_bottom.png */,
				5C9E69111B7D92FC00524520 /* cell_bottom@2x.png */,
				5C9E69121B7D92FC00524520 /* cell_middle.png */,
				5C9E69131B7D92FC00524520 /* cell_middle@2x.png */,
				5C9E69141B7D92FC00524520 /* cell_top.png */,
				5C9E69151B7D92FC00524520 /* cell_top@2x.png */,
				5C9E69161B7D92FC00524520 /* cell_top_tile.png */,
				5C9E69171B7D92FC00524520 /* common_bg.png */,
				5C9E69181B7D92FC00524520 /* common_bg@2x.png */,
				5C9E69191B7D92FC00524520 /* egg_benedict.jpg */,
				5C9E691A1B7D92FC00524520 /* full_breakfast.jpg */,
				5C9E691B1B7D92FC00524520 /* ham_and_egg_sandwich.jpg */,
				5C9E691C1B7D92FC00524520 /* hamburger.jpg */,
				5C9E691D1B7D92FC00524520 /* mushroom_risotto.jpg */,
				5C9E691E1B7D92FC00524520 /* navbar_bg.png */,
				5C9E691F1B7D92FC00524520 /* navbar_bg@2x.png */,
			);
			path = images;
			sourceTree = "<group>";
		};
		5CB41D1B1B7D8A5400B196FA = {
			isa = PBXGroup;
			children = (
				5CB41D261B7D8A5400B196FA /* ZZDataBase */,
				5CB41D401B7D8A5400B196FA /* ZZDataBaseTests */,
				5CB41D251B7D8A5400B196FA /* Products */,
			);
			sourceTree = "<group>";
		};
		5CB41D251B7D8A5400B196FA /* Products */ = {
			isa = PBXGroup;
			children = (
				5CB41D241B7D8A5400B196FA /* ZZDataBase.app */,
				5CB41D3D1B7D8A5400B196FA /* ZZDataBaseTests.xctest */,
			);
			name = Products;
			sourceTree = "<group>";
		};
		5CB41D261B7D8A5400B196FA /* ZZDataBase */ = {
			isa = PBXGroup;
			children = (
				5CB41D2B1B7D8A5400B196FA /* AppDelegate.h */,
				5CB41D2C1B7D8A5400B196FA /* AppDelegate.m */,
				5CB41D2E1B7D8A5400B196FA /* ViewController.h */,
				5CB41D2F1B7D8A5400B196FA /* ViewController.m */,
				5CB41D311B7D8A5400B196FA /* Main.storyboard */,
				5CB41D341B7D8A5400B196FA /* Images.xcassets */,
				5CB41D361B7D8A5400B196FA /* LaunchScreen.xib */,
				5CB41D271B7D8A5400B196FA /* Supporting Files */,
			);
			path = ZZDataBase;
			sourceTree = "<group>";
		};
		5CB41D271B7D8A5400B196FA /* Supporting Files */ = {
			isa = PBXGroup;
			children = (
				5C9E690D1B7D92FC00524520 /* images */,
				5C9E68FA1B7D911A00524520 /* fmdb */,
				5C9E690B1B7D916900524520 /* libsqlite3.dylib */,
				5CB41D281B7D8A5400B196FA /* Info.plist */,
				5CB41D291B7D8A5400B196FA /* main.m */,
			);
			name = "Supporting Files";
			sourceTree = "<group>";
		};
		5CB41D401B7D8A5400B196FA /* ZZDataBaseTests */ = {
			isa = PBXGroup;
			children = (
				5CB41D431B7D8A5400B196FA /* ZZDataBaseTests.m */,
				5CB41D411B7D8A5400B196FA /* Supporting Files */,
			);
			path = ZZDataBaseTests;
			sourceTree = "<group>";
		};
		5CB41D411B7D8A5400B196FA /* Supporting Files */ = {
			isa = PBXGroup;
			children = (
				5CB41D421B7D8A5400B196FA /* Info.plist */,
			);
			name = "Supporting Files";
			sourceTree = "<group>";
		};
/* End PBXGroup section */

/* Begin PBXNativeTarget section */
		5CB41D231B7D8A5400B196FA /* ZZDataBase */ = {
			isa = PBXNativeTarget;
			buildConfigurationList = 5CB41D471B7D8A5400B196FA /* Build configuration list for PBXNativeTarget "ZZDataBase" */;
			buildPhases = (
				5CB41D201B7D8A5400B196FA /* Sources */,
				5CB41D211B7D8A5400B196FA /* Frameworks */,
				5CB41D221B7D8A5400B196FA /* Resources */,
			);
			buildRules = (
			);
			dependencies = (
			);
			name = ZZDataBase;
			productName = ZZDataBase;
			productReference = 5CB41D241B7D8A5400B196FA /* ZZDataBase.app */;
			productType = "com.apple.product-type.application";
		};
		5CB41D3C1B7D8A5400B196FA /* ZZDataBaseTests */ = {
			isa = PBXNativeTarget;
			buildConfigurationList = 5CB41D4A1B7D8A5400B196FA /* Build configuration list for PBXNativeTarget "ZZDataBaseTests" */;
			buildPhases = (
				5CB41D391B7D8A5400B196FA /* Sources */,
				5CB41D3A1B7D8A5400B196FA /* Frameworks */,
				5CB41D3B1B7D8A5400B196FA /* Resources */,
			);
			buildRules = (
			);
			dependencies = (
				5CB41D3F1B7D8A5400B196FA /* PBXTargetDependency */,
			);
			name = ZZDataBaseTests;
			productName = ZZDataBaseTests;
			productReference = 5CB41D3D1B7D8A5400B196FA /* ZZDataBaseTests.xctest */;
			productType = "com.apple.product-type.bundle.unit-test";
		};
/* End PBXNativeTarget section */

/* Begin PBXProject section */
		5CB41D1C1B7D8A5400B196FA /* Project object */ = {
			isa = PBXProject;
			attributes = {
				LastUpgradeCheck = 0630;
				ORGANIZATIONNAME = "Zhu Dengquan";
				TargetAttributes = {
					5CB41D231B7D8A5400B196FA = {
						CreatedOnToolsVersion = 6.3.1;
					};
					5CB41D3C1B7D8A5400B196FA = {
						CreatedOnToolsVersion = 6.3.1;
						TestTargetID = 5CB41D231B7D8A5400B196FA;
					};
				};
			};
			buildConfigurationList = 5CB41D1F1B7D8A5400B196FA /* Build configuration list for PBXProject "ZZDataBase" */;
			compatibilityVersion = "Xcode 3.2";
			developmentRegion = English;
			hasScannedForEncodings = 0;
			knownRegions = (
				en,
				Base,
			);
			mainGroup = 5CB41D1B1B7D8A5400B196FA;
			productRefGroup = 5CB41D251B7D8A5400B196FA /* Products */;
			projectDirPath = "";
			projectRoot = "";
			targets = (
				5CB41D231B7D8A5400B196FA /* ZZDataBase */,
				5CB41D3C1B7D8A5400B196FA /* ZZDataBaseTests */,
			);
		};
/* End PBXProject section */

/* Begin PBXResourcesBuildPhase section */
		5CB41D221B7D8A5400B196FA /* Resources */ = {
			isa = PBXResourcesBuildPhase;
			buildActionMask = 2147483647;
			files = (
				5C9E69241B7D92FC00524520 /* cell_middle.png in Resources */,
				5C9E692E1B7D92FC00524520 /* hamburger.jpg in Resources */,
				5C9E69221B7D92FC00524520 /* cell_bottom.png in Resources */,
				5C9E69251B7D92FC00524520 /* cell_middle@2x.png in Resources */,
				5C9E69311B7D92FC00524520 /* navbar_bg@2x.png in Resources */,
				5CB41D331B7D8A5400B196FA /* Main.storyboard in Resources */,
				5C9E69271B7D92FC00524520 /* cell_top@2x.png in Resources */,
				5C9E692F1B7D92FC00524520 /* mushroom_risotto.jpg in Resources */,
				5CB41D381B7D8A5400B196FA /* LaunchScreen.xib in Resources */,
				5C9E692C1B7D92FC00524520 /* full_breakfast.jpg in Resources */,
				5C9E69211B7D92FC00524520 /* button_normal.png in Resources */,
				5C9E69281B7D92FC00524520 /* cell_top_tile.png in Resources */,
				5C9E69201B7D92FC00524520 /* button_back.png in Resources */,
				5C9E69291B7D92FC00524520 /* common_bg.png in Resources */,
				5C9E692A1B7D92FC00524520 /* common_bg@2x.png in Resources */,
				5C9E692B1B7D92FC00524520 /* egg_benedict.jpg in Resources */,
				5C9E692D1B7D92FC00524520 /* ham_and_egg_sandwich.jpg in Resources */,
				5C9E69231B7D92FC00524520 /* cell_bottom@2x.png in Resources */,
				5CB41D351B7D8A5400B196FA /* Images.xcassets in Resources */,
				5C9E69301B7D92FC00524520 /* navbar_bg.png in Resources */,
				5C9E69261B7D92FC00524520 /* cell_top.png in Resources */,
			);
			runOnlyForDeploymentPostprocessing = 0;
		};
		5CB41D3B1B7D8A5400B196FA /* Resources */ = {
			isa = PBXResourcesBuildPhase;
			buildActionMask = 2147483647;
			files = (
			);
			runOnlyForDeploymentPostprocessing = 0;
		};
/* End PBXResourcesBuildPhase section */

/* Begin PBXSourcesBuildPhase section */
		5CB41D201B7D8A5400B196FA /* Sources */ = {
			isa = PBXSourcesBuildPhase;
			buildActionMask = 2147483647;
			files = (
				5CB41D301B7D8A5400B196FA /* ViewController.m in Sources */,
				5C9E69081B7D911A00524520 /* FMDatabasePool.m in Sources */,
				5CB41D2D1B7D8A5400B196FA /* AppDelegate.m in Sources */,
				5C9E69091B7D911A00524520 /* FMDatabaseQueue.m in Sources */,
				5CB41D2A1B7D8A5400B196FA /* main.m in Sources */,
				5C9E69061B7D911A00524520 /* FMDatabase.m in Sources */,
				5C9E690A1B7D911A00524520 /* FMResultSet.m in Sources */,
				5C9E69071B7D911A00524520 /* FMDatabaseAdditions.m in Sources */,
			);
			runOnlyForDeploymentPostprocessing = 0;
		};
		5CB41D391B7D8A5400B196FA /* Sources */ = {
			isa = PBXSourcesBuildPhase;
			buildActionMask = 2147483647;
			files = (
				5CB41D441B7D8A5400B196FA /* ZZDataBaseTests.m in Sources */,
			);
			runOnlyForDeploymentPostprocessing = 0;
		};
/* End PBXSourcesBuildPhase section */

/* Begin PBXTargetDependency section */
		5CB41D3F1B7D8A5400B196FA /* PBXTargetDependency */ = {
			isa = PBXTargetDependency;
			target = 5CB41D231B7D8A5400B196FA /* ZZDataBase */;
			targetProxy = 5CB41D3E1B7D8A5400B196FA /* PBXContainerItemProxy */;
		};
/* End PBXTargetDependency section */

/* Begin PBXVariantGroup section */
		5CB41D311B7D8A5400B196FA /* Main.storyboard */ = {
			isa = PBXVariantGroup;
			children = (
				5CB41D321B7D8A5400B196FA /* Base */,
			);
			name = Main.storyboard;
			sourceTree = "<group>";
		};
		5CB41D361B7D8A5400B196FA /* LaunchScreen.xib */ = {
			isa = PBXVariantGroup;
			children = (
				5CB41D371B7D8A5400B196FA /* Base */,
			);
			name = LaunchScreen.xib;
			sourceTree = "<group>";
		};
/* End PBXVariantGroup section */

/* Begin XCBuildConfiguration section */
		5CB41D451B7D8A5400B196FA /* Debug */ = {
			isa = XCBuildConfiguration;
			buildSettings = {
				ALWAYS_SEARCH_USER_PATHS = NO;
				CLANG_CXX_LANGUAGE_STANDARD = "gnu++0x";
				CLANG_CXX_LIBRARY = "libc++";
				CLANG_ENABLE_MODULES = YES;
				CLANG_ENABLE_OBJC_ARC = YES;
				CLANG_WARN_BOOL_CONVERSION = YES;
				CLANG_WARN_CONSTANT_CONVERSION = YES;
				CLANG_WARN_DIRECT_OBJC_ISA_USAGE = YES_ERROR;
				CLANG_WARN_EMPTY_BODY = YES;
				CLANG_WARN_ENUM_CONVERSION = YES;
				CLANG_WARN_INT_CONVERSION = YES;
				CLANG_WARN_OBJC_ROOT_CLASS = YES_ERROR;
				CLANG_WARN_UNREACHABLE_CODE = YES;
				CLANG_WARN__DUPLICATE_METHOD_MATCH = YES;
				"CODE_SIGN_IDENTITY[sdk=iphoneos*]" = "iPhone Developer";
				COPY_PHASE_STRIP = NO;
				DEBUG_INFORMATION_FORMAT = "dwarf-with-dsym";
				ENABLE_STRICT_OBJC_MSGSEND = YES;
				GCC_C_LANGUAGE_STANDARD = gnu99;
				GCC_DYNAMIC_NO_PIC = NO;
				GCC_NO_COMMON_BLOCKS = YES;
				GCC_OPTIMIZATION_LEVEL = 0;
				GCC_PREPROCESSOR_DEFINITIONS = (
					"DEBUG=1",
					"$(inherited)",
				);
				GCC_SYMBOLS_PRIVATE_EXTERN = NO;
				GCC_WARN_64_TO_32_BIT_CONVERSION = YES;
				GCC_WARN_ABOUT_RETURN_TYPE = YES_ERROR;
				GCC_WARN_UNDECLARED_SELECTOR = YES;
				GCC_WARN_UNINITIALIZED_AUTOS = YES_AGGRESSIVE;
				GCC_WARN_UNUSED_FUNCTION = YES;
				GCC_WARN_UNUSED_VARIABLE = YES;
				IPHONEOS_DEPLOYMENT_TARGET = 8.3;
				MTL_ENABLE_DEBUG_INFO = YES;
				ONLY_ACTIVE_ARCH = YES;
				SDKROOT = iphoneos;
			};
			name = Debug;
		};
		5CB41D461B7D8A5400B196FA /* Release */ = {
			isa = XCBuildConfiguration;
			buildSettings = {
				ALWAYS_SEARCH_USER_PATHS = NO;
				CLANG_CXX_LANGUAGE_STANDARD = "gnu++0x";
				CLANG_CXX_LIBRARY = "libc++";
				CLANG_ENABLE_MODULES = YES;
				CLANG_ENABLE_OBJC_ARC = YES;
				CLANG_WARN_BOOL_CONVERSION = YES;
				CLANG_WARN_CONSTANT_CONVERSION = YES;
				CLANG_WARN_DIRECT_OBJC_ISA_USAGE = YES_ERROR;
				CLANG_WARN_EMPTY_BODY = YES;
				CLANG_WARN_ENUM_CONVERSION = YES;
				CLANG_WARN_INT_CONVERSION = YES;
				CLANG_WARN_OBJC_ROOT_CLASS = YES_ERROR;
				CLANG_WARN_UNREACHABLE_CODE = YES;
				CLANG_WARN__DUPLICATE_METHOD_MATCH = YES;
				"CODE_SIGN_IDENTITY[sdk=iphoneos*]" = "iPhone Developer";
				COPY_PHASE_STRIP = NO;
				DEBUG_INFORMATION_FORMAT = "dwarf-with-dsym";
				ENABLE_NS_ASSERTIONS = NO;
				ENABLE_STRICT_OBJC_MSGSEND = YES;
				GCC_C_LANGUAGE_STANDARD = gnu99;
				GCC_NO_COMMON_BLOCKS = YES;
				GCC_WARN_64_TO_32_BIT_CONVERSION = YES;
				GCC_WARN_ABOUT_RETURN_TYPE = YES_ERROR;
				GCC_WARN_UNDECLARED_SELECTOR = YES;
				GCC_WARN_UNINITIALIZED_AUTOS = YES_AGGRESSIVE;
				GCC_WARN_UNUSED_FUNCTION = YES;
				GCC_WARN_UNUSED_VARIABLE = YES;
				IPHONEOS_DEPLOYMENT_TARGET = 8.3;
				MTL_ENABLE_DEBUG_INFO = NO;
				SDKROOT = iphoneos;
				VALIDATE_PRODUCT = YES;
			};
			name = Release;
		};
		5CB41D481B7D8A5400B196FA /* Debug */ = {
			isa = XCBuildConfiguration;
			buildSettings = {
				ASSETCATALOG_COMPILER_APPICON_NAME = AppIcon;
				INFOPLIST_FILE = ZZDataBase/Info.plist;
				LD_RUNPATH_SEARCH_PATHS = "$(inherited) @executable_path/Frameworks";
				PRODUCT_NAME = "$(TARGET_NAME)";
			};
			name = Debug;
		};
		5CB41D491B7D8A5400B196FA /* Release */ = {
			isa = XCBuildConfiguration;
			buildSettings = {
				ASSETCATALOG_COMPILER_APPICON_NAME = AppIcon;
				INFOPLIST_FILE = ZZDataBase/Info.plist;
				LD_RUNPATH_SEARCH_PATHS = "$(inherited) @executable_path/Frameworks";
				PRODUCT_NAME = "$(TARGET_NAME)";
			};
			name = Release;
		};
		5CB41D4B1B7D8A5400B196FA /* Debug */ = {
			isa = XCBuildConfiguration;
			buildSettings = {
				BUNDLE_LOADER = "$(TEST_HOST)";
				FRAMEWORK_SEARCH_PATHS = (
					"$(SDKROOT)/Developer/Library/Frameworks",
					"$(inherited)",
				);
				GCC_PREPROCESSOR_DEFINITIONS = (
					"DEBUG=1",
					"$(inherited)",
				);
				INFOPLIST_FILE = ZZDataBaseTests/Info.plist;
				LD_RUNPATH_SEARCH_PATHS = "$(inherited) @executable_path/Frameworks @loader_path/Frameworks";
				PRODUCT_NAME = "$(TARGET_NAME)";
				TEST_HOST = "$(BUILT_PRODUCTS_DIR)/ZZDataBase.app/ZZDataBase";
			};
			name = Debug;
		};
		5CB41D4C1B7D8A5400B196FA /* Release */ = {
			isa = XCBuildConfiguration;
			buildSettings = {
				BUNDLE_LOADER = "$(TEST_HOST)";
				FRAMEWORK_SEARCH_PATHS = (
					"$(SDKROOT)/Developer/Library/Frameworks",
					"$(inherited)",
				);
				INFOPLIST_FILE = ZZDataBaseTests/Info.plist;
				LD_RUNPATH_SEARCH_PATHS = "$(inherited) @executable_path/Frameworks @loader_path/Frameworks";
				PRODUCT_NAME = "$(TARGET_NAME)";
				TEST_HOST = "$(BUILT_PRODUCTS_DIR)/ZZDataBase.app/ZZDataBase";
			};
			name = Release;
		};
/* End XCBuildConfiguration section */

/* Begin XCConfigurationList section */
		5CB41D1F1B7D8A5400B196FA /* Build configuration list for PBXProject "ZZDataBase" */ = {
			isa = XCConfigurationList;
			buildConfigurations = (
				5CB41D451B7D8A5400B196FA /* Debug */,
				5CB41D461B7D8A5400B196FA /* Release */,
			);
			defaultConfigurationIsVisible = 0;
			defaultConfigurationName = Release;
		};
		5CB41D471B7D8A5400B196FA /* Build configuration list for PBXNativeTarget "ZZDataBase" */ = {
			isa = XCConfigurationList;
			buildConfigurations = (
				5CB41D481B7D8A5400B196FA /* Debug */,
				5CB41D491B7D8A5400B196FA /* Release */,
			);
			defaultConfigurationIsVisible = 0;
			defaultConfigurationName = Release;
		};
		5CB41D4A1B7D8A5400B196FA /* Build configuration list for PBXNativeTarget "ZZDataBaseTests" */ = {
			isa = XCConfigurationList;
			buildConfigurations = (
				5CB41D4B1B7D8A5400B196FA /* Debug */,
				5CB41D4C1B7D8A5400B196FA /* Release */,
			);
			defaultConfigurationIsVisible = 0;
			defaultConfigurationName = Release;
		};
/* End XCConfigurationList section */
	};
	rootObject = 5CB41D1C1B7D8A5400B196FA /* Project object */;
}
